Microsoft Visual Studio Solution File, Format Version 8.00
Project("{FAE04EC0-301F-11D3-BF4B-00C04F79EFBC}") = "XML", "XML.csproj", "{5B98604C-FBBC-48F7-B02B-E334DDBFB36B}"
	ProjectSection(ProjectDependencies) = postProject
	EndProjectSection
EndProject
Global
	GlobalSection(SolutionConfiguration) = preSolution
		Debug = Debug
		Release = Release
	EndGlobalSection
	GlobalSection(ProjectConfiguration) = postSolution
		{5B98604C-FBBC-48F7-B02B-E334DDBFB36B}.Debug.ActiveCfg = Debug|.NET
		{5B98604C-FBBC-48F7-B02B-E334DDBFB36B}.Debug.Build.0 = Debug|.NET
		{5B98604C-FBBC-48F7-B02B-E334DDBFB36B}.Release.ActiveCfg = Release|.NET
		{5B98604C-FBBC-48F7-B02B-E334DDBFB36B}.Release.Build.0 = Release|.NET
	EndGlobalSection
	GlobalSection(ExtensibilityGlobals) = postSolution
	EndGlobalSection
	GlobalSection(ExtensibilityAddIns) = postSolution
	EndGlobalSection
EndGlobal
